
Microsoft Visual Studio Solution File, Format Version 12.00
# Visual Studio 2013
VisualStudioVersion = 12.0.31101.0
MinimumVisualStudioVersion = 10.0.40219.1
Project("{FAE04EC0-301F-11D3-BF4B-00C04F79EFBC}") = "LeetCodeInCSharp", "LeetCodeInCSharp\LeetCodeInCSharp.csproj", "{F6FE01ED-E37B-4CEA-9EAE-85F1653E5382}"
EndProject
Project("{FAE04EC0-301F-11D3-BF4B-00C04F79EFBC}") = "LeetCodeInCSharpUnitTest", "LeetCodeInCSharpUnitTest\LeetCodeInCSharpUnitTest.csproj", "{DD67833C-BC32-40D8-9041-71CA292394FE}"
EndProject
Global
	GlobalSection(SolutionConfigurationPlatforms) = preSolution
		Debug|Any CPU = Debug|Any CPU
		Release|Any CPU = Release|Any CPU
	EndGlobalSection
	GlobalSection(ProjectConfigurationPlatforms) = postSolution
		{F6FE01ED-E37B-4CEA-9EAE-85F1653E5382}.Debug|Any CPU.ActiveCfg = Debug|Any CPU
		{F6FE01ED-E37B-4CEA-9EAE-85F1653E5382}.Debug|Any CPU.Build.0 = Debug|Any CPU
		{F6FE01ED-E37B-4CEA-9EAE-85F1653E5382}.Release|Any CPU.ActiveCfg = Release|Any CPU
		{F6FE01ED-E37B-4CEA-9EAE-85F1653E5382}.Release|Any CPU.Build.0 = Release|Any CPU
		{DD67833C-BC32-40D8-9041-71CA292394FE}.Debug|Any CPU.ActiveCfg = Debug|Any CPU
		{DD67833C-BC32-40D8-9041-71CA292394FE}.Debug|Any CPU.Build.0 = Debug|Any CPU
		{DD67833C-BC32-40D8-9041-71CA292394FE}.Release|Any CPU.ActiveCfg = Release|Any CPU
		{DD67833C-BC32-40D8-9041-71CA292394FE}.Release|Any CPU.Build.0 = Release|Any CPU
	EndGlobalSection
	GlobalSection(SolutionProperties) = preSolution
		HideSolutionNode = FALSE
	EndGlobalSection
EndGlobal
